// !$*UTF8*$!
{
	archiveVersion = 1;
	classes = {
	};
	objectVersion = 50;
	objects = {

/* Begin PBXBuildFile section */
		99BFB7182458B252008E766A /* Badge.swift in Sources */ = {isa = PBXBuildFile; fileRef = 99BFB7172458B252008E766A /* Badge.swift */; };
		99BFB71A2458B301008E766A /* HexagonParameters.swift in Sources */ = {isa = PBXBuildFile; fileRef = 99BFB7192458B301008E766A /* HexagonParameters.swift */; };
		99BFB71C2458B5C9008E766A /* BadgeBackground.swift in Sources */ = {isa = PBXBuildFile; fileRef = 99BFB71B2458B5C9008E766A /* BadgeBackground.swift */; };
		99BFB71E2458CBEA008E766A /* BadgeSymbol.swift in Sources */ = {isa = PBXBuildFile; fileRef = 99BFB71D2458CBEA008E766A /* BadgeSymbol.swift */; };
		99BFB7202458CDC4008E766A /* RotatedBadgeSymbol.swift in Sources */ = {isa = PBXBuildFile; fileRef = 99BFB71F2458CDC4008E766A /* RotatedBadgeSymbol.swift */; };
		99BFB7222458CFE1008E766A /* hikeData.json in Resources */ = {isa = PBXBuildFile; fileRef = 99BFB7212458CFE1008E766A /* hikeData.json */; };
		99BFB7252458D00C008E766A /* HikeDetail.swift in Sources */ = {isa = PBXBuildFile; fileRef = 99BFB7232458D00B008E766A /* HikeDetail.swift */; };
		99BFB7262458D00C008E766A /* HikeView.swift in Sources */ = {isa = PBXBuildFile; fileRef = 99BFB7242458D00C008E766A /* HikeView.swift */; };
		99BFB7282458D016008E766A /* Hike.swift in Sources */ = {isa = PBXBuildFile; fileRef = 99BFB7272458D016008E766A /* Hike.swift */; };
		99BFB72B2458D02D008E766A /* GraphCapsule.swift in Sources */ = {isa = PBXBuildFile; fileRef = 99BFB7292458D02D008E766A /* GraphCapsule.swift */; };
		99BFB72C2458D02D008E766A /* HikeGraph.swift in Sources */ = {isa = PBXBuildFile; fileRef = 99BFB72A2458D02D008E766A /* HikeGraph.swift */; };
		99BFB72E2458D5A7008E766A /* Home.swift in Sources */ = {isa = PBXBuildFile; fileRef = 99BFB72D2458D5A7008E766A /* Home.swift */; };
		99BFB7302458D6AC008E766A /* CategoryRow.swift in Sources */ = {isa = PBXBuildFile; fileRef = 99BFB72F2458D6AC008E766A /* CategoryRow.swift */; };
		99BFB73324597AC2008E766A /* ProfileHost.swift in Sources */ = {isa = PBXBuildFile; fileRef = 99BFB73224597AC2008E766A /* ProfileHost.swift */; };
		99BFB73524597AF3008E766A /* Profile.swift in Sources */ = {isa = PBXBuildFile; fileRef = 99BFB73424597AF3008E766A /* Profile.swift */; };
		99BFB73724597BCB008E766A /* ProfileSummary.swift in Sources */ = {isa = PBXBuildFile; fileRef = 99BFB73624597BCB008E766A /* ProfileSummary.swift */; };
		99BFB73924597D14008E766A /* HikeBadge.swift in Sources */ = {isa = PBXBuildFile; fileRef = 99BFB73824597D14008E766A /* HikeBadge.swift */; };
		99BFB73B24598062008E766A /* ProfileEditor.swift in Sources */ = {isa = PBXBuildFile; fileRef = 99BFB73A24598062008E766A /* ProfileEditor.swift */; };
		99BFB73F2459863E008E766A /* stmarylake_feature.jpg in Resources */ = {isa = PBXBuildFile; fileRef = 99BFB73C2459863E008E766A /* stmarylake_feature.jpg */; };
		99BFB7402459863E008E766A /* turtlerock_feature.jpg in Resources */ = {isa = PBXBuildFile; fileRef = 99BFB73D2459863E008E766A /* turtlerock_feature.jpg */; };
		99BFB7412459863E008E766A /* charleyrivers_feature.jpg in Resources */ = {isa = PBXBuildFile; fileRef = 99BFB73E2459863E008E766A /* charleyrivers_feature.jpg */; };
		99BFB74324598734008E766A /* PageViewController.swift in Sources */ = {isa = PBXBuildFile; fileRef = 99BFB74224598734008E766A /* PageViewController.swift */; };
		99BFB74524598839008E766A /* PageView.swift in Sources */ = {isa = PBXBuildFile; fileRef = 99BFB74424598839008E766A /* PageView.swift */; };
		99BFB747245988AD008E766A /* FeatureCard.swift in Sources */ = {isa = PBXBuildFile; fileRef = 99BFB746245988AD008E766A /* FeatureCard.swift */; };
		99BFB74924598F20008E766A /* PageControl.swift in Sources */ = {isa = PBXBuildFile; fileRef = 99BFB74824598F20008E766A /* PageControl.swift */; };
		99D72306245998C90064DF4F /* Interface.storyboard in Resources */ = {isa = PBXBuildFile; fileRef = 99D72304245998C90064DF4F /* Interface.storyboard */; };
		99D72308245998CC0064DF4F /* Assets.xcassets in Resources */ = {isa = PBXBuildFile; fileRef = 99D72307245998CC0064DF4F /* Assets.xcassets */; };
		99D7230F245998CD0064DF4F /* WatchLandmarks Extension.appex in Embed App Extensions */ = {isa = PBXBuildFile; fileRef = 99D7230E245998CD0064DF4F /* WatchLandmarks Extension.appex */; settings = {ATTRIBUTES = (RemoveHeadersOnCopy, ); }; };
		99D72314245998CD0064DF4F /* ContentView.swift in Sources */ = {isa = PBXBuildFile; fileRef = 99D72313245998CD0064DF4F /* ContentView.swift */; };
		99D72316245998CD0064DF4F /* HostingController.swift in Sources */ = {isa = PBXBuildFile; fileRef = 99D72315245998CD0064DF4F /* HostingController.swift */; };
		99D72318245998CD0064DF4F /* ExtensionDelegate.swift in Sources */ = {isa = PBXBuildFile; fileRef = 99D72317245998CD0064DF4F /* ExtensionDelegate.swift */; };
		99D7231A245998CD0064DF4F /* NotificationController.swift in Sources */ = {isa = PBXBuildFile; fileRef = 99D72319245998CD0064DF4F /* NotificationController.swift */; };
		99D7231C245998CD0064DF4F /* NotificationView.swift in Sources */ = {isa = PBXBuildFile; fileRef = 99D7231B245998CD0064DF4F /* NotificationView.swift */; };
		99D7231E245998CD0064DF4F /* Assets.xcassets in Resources */ = {isa = PBXBuildFile; fileRef = 99D7231D245998CD0064DF4F /* Assets.xcassets */; };
		99D72321245998CD0064DF4F /* Preview Assets.xcassets in Resources */ = {isa = PBXBuildFile; fileRef = 99D72320245998CD0064DF4F /* Preview Assets.xcassets */; };
		99D72326245998CD0064DF4F /* WatchLandmarks.app in Embed Watch Content */ = {isa = PBXBuildFile; fileRef = 99D72302245998C90064DF4F /* WatchLandmarks.app */; settings = {ATTRIBUTES = (RemoveHeadersOnCopy, ); }; };
		99D7232F24599BD20064DF4F /* Data.swift in Sources */ = {isa = PBXBuildFile; fileRef = 99DEFBA724589F23006E7A1F /* Data.swift */; };
		99D7233024599BD20064DF4F /* Landmark.swift in Sources */ = {isa = PBXBuildFile; fileRef = 99DEFBA924589F30006E7A1F /* Landmark.swift */; };
		99D7233124599BD20064DF4F /* UserData.swift in Sources */ = {isa = PBXBuildFile; fileRef = 99DEFBE32458AD01006E7A1F /* UserData.swift */; };
		99D7233224599BD20064DF4F /* Hike.swift in Sources */ = {isa = PBXBuildFile; fileRef = 99BFB7272458D016008E766A /* Hike.swift */; };
		99D7233324599BD20064DF4F /* Profile.swift in Sources */ = {isa = PBXBuildFile; fileRef = 99BFB73424597AF3008E766A /* Profile.swift */; };
		99D7233424599BD20064DF4F /* LandmarkRow.swift in Sources */ = {isa = PBXBuildFile; fileRef = 99DEFBC72458A0C4006E7A1F /* LandmarkRow.swift */; };
		99D7233524599BD20064DF4F /* CircleImage.swift in Sources */ = {isa = PBXBuildFile; fileRef = 99DEFBA224589A78006E7A1F /* CircleImage.swift */; };
		99D7233724599BEA0064DF4F /* Assets.xcassets in Resources */ = {isa = PBXBuildFile; fileRef = 99DEFB94245897D2006E7A1F /* Assets.xcassets */; };
		99D7233824599C080064DF4F /* landmarkData.json in Resources */ = {isa = PBXBuildFile; fileRef = 99DEFBB524589FD7006E7A1F /* landmarkData.json */; };
		99D7233924599C080064DF4F /* hikeData.json in Resources */ = {isa = PBXBuildFile; fileRef = 99BFB7212458CFE1008E766A /* hikeData.json */; };
		99D7233A24599C080064DF4F /* charleyrivers.jpg in Resources */ = {isa = PBXBuildFile; fileRef = 99DEFBCF2458AB0B006E7A1F /* charleyrivers.jpg */; };
		99D7233B24599C080064DF4F /* chilkoottrail.jpg in Resources */ = {isa = PBXBuildFile; fileRef = 99DEFBD22458AB0B006E7A1F /* chilkoottrail.jpg */; };
		99D7233C24599C080064DF4F /* chincoteague.jpg in Resources */ = {isa = PBXBuildFile; fileRef = 99DEFBD62458AB0C006E7A1F /* chincoteague.jpg */; };
		99D7233D24599C080064DF4F /* hiddenlake.jpg in Resources */ = {isa = PBXBuildFile; fileRef = 99DEFBD12458AB0B006E7A1F /* hiddenlake.jpg */; };
		99D7233E24599C080064DF4F /* icybay.jpg in Resources */ = {isa = PBXBuildFile; fileRef = 99DEFBD32458AB0B006E7A1F /* icybay.jpg */; };
		99D7233F24599C080064DF4F /* lakemcdonald.jpg in Resources */ = {isa = PBXBuildFile; fileRef = 99DEFBCC2458AB0B006E7A1F /* lakemcdonald.jpg */; };
		99D7234024599C080064DF4F /* rainbowlake.jpg in Resources */ = {isa = PBXBuildFile; fileRef = 99DEFBCD2458AB0B006E7A1F /* rainbowlake.jpg */; };
		99D7234124599C080064DF4F /* silversalmoncreek.jpg in Resources */ = {isa = PBXBuildFile; fileRef = 99DEFBD42458AB0C006E7A1F /* silversalmoncreek.jpg */; };
		99D7234224599C080064DF4F /* stmarylake.jpg in Resources */ = {isa = PBXBuildFile; fileRef = 99DEFBCE2458AB0B006E7A1F /* stmarylake.jpg */; };
		99D7234324599C080064DF4F /* turtlerock.jpg in Resources */ = {isa = PBXBuildFile; fileRef = 99DEFBD02458AB0B006E7A1F /* turtlerock.jpg */; };
		99D7234424599C080064DF4F /* twinlake.jpg in Resources */ = {isa = PBXBuildFile; fileRef = 99DEFBD52458AB0C006E7A1F /* twinlake.jpg */; };
		99D7234524599C080064DF4F /* umbagog.jpg in Resources */ = {isa = PBXBuildFile; fileRef = 99DEFBCB2458AB0B006E7A1F /* umbagog.jpg */; };
		99D7234624599C080064DF4F /* charleyrivers_feature.jpg in Resources */ = {isa = PBXBuildFile; fileRef = 99BFB73E2459863E008E766A /* charleyrivers_feature.jpg */; };
		99D7234724599C080064DF4F /* stmarylake_feature.jpg in Resources */ = {isa = PBXBuildFile; fileRef = 99BFB73C2459863E008E766A /* stmarylake_feature.jpg */; };
		99D7234824599C080064DF4F /* turtlerock_feature.jpg in Resources */ = {isa = PBXBuildFile; fileRef = 99BFB73D2459863E008E766A /* turtlerock_feature.jpg */; };
		99D7234A24599E340064DF4F /* WatchLandmarkDetail.swift in Sources */ = {isa = PBXBuildFile; fileRef = 99D7234924599E340064DF4F /* WatchLandmarkDetail.swift */; };
		99D7234C2459A7140064DF4F /* WatchMapView.swift in Sources */ = {isa = PBXBuildFile; fileRef = 99D7234B2459A7140064DF4F /* WatchMapView.swift */; };
		99D7234D245A05DD0064DF4F /* LandmarkList.swift in Sources */ = {isa = PBXBuildFile; fileRef = 99DEFBC92458A1B2006E7A1F /* LandmarkList.swift */; };
		99D72355245A42190064DF4F /* AppDelegate.swift in Sources */ = {isa = PBXBuildFile; fileRef = 99D72354245A42190064DF4F /* AppDelegate.swift */; };
		99D72357245A42190064DF4F /* ContentView.swift in Sources */ = {isa = PBXBuildFile; fileRef = 99D72356245A42190064DF4F /* ContentView.swift */; };
		99D72359245A421C0064DF4F /* Assets.xcassets in Resources */ = {isa = PBXBuildFile; fileRef = 99D72358245A421C0064DF4F /* Assets.xcassets */; };
		99D7235C245A421C0064DF4F /* Preview Assets.xcassets in Resources */ = {isa = PBXBuildFile; fileRef = 99D7235B245A421C0064DF4F /* Preview Assets.xcassets */; };
		99D7235F245A421C0064DF4F /* Main.storyboard in Resources */ = {isa = PBXBuildFile; fileRef = 99D7235D245A421C0064DF4F /* Main.storyboard */; };
		99D72365245A42F70064DF4F /* Data.swift in Sources */ = {isa = PBXBuildFile; fileRef = 99DEFBA724589F23006E7A1F /* Data.swift */; };
		99D72366245A42F70064DF4F /* Landmark.swift in Sources */ = {isa = PBXBuildFile; fileRef = 99DEFBA924589F30006E7A1F /* Landmark.swift */; };
		99D72367245A42F70064DF4F /* UserData.swift in Sources */ = {isa = PBXBuildFile; fileRef = 99DEFBE32458AD01006E7A1F /* UserData.swift */; };
		99D72368245A42F70064DF4F /* Hike.swift in Sources */ = {isa = PBXBuildFile; fileRef = 99BFB7272458D016008E766A /* Hike.swift */; };
		99D72369245A42F70064DF4F /* Profile.swift in Sources */ = {isa = PBXBuildFile; fileRef = 99BFB73424597AF3008E766A /* Profile.swift */; };
		99D7236A245A42F70064DF4F /* landmarkData.json in Resources */ = {isa = PBXBuildFile; fileRef = 99DEFBB524589FD7006E7A1F /* landmarkData.json */; };
		99D7236B245A42F70064DF4F /* hikeData.json in Resources */ = {isa = PBXBuildFile; fileRef = 99BFB7212458CFE1008E766A /* hikeData.json */; };
		99D7236C245A42F70064DF4F /* charleyrivers.jpg in Resources */ = {isa = PBXBuildFile; fileRef = 99DEFBCF2458AB0B006E7A1F /* charleyrivers.jpg */; };
		99D7236D245A42F70064DF4F /* chilkoottrail.jpg in Resources */ = {isa = PBXBuildFile; fileRef = 99DEFBD22458AB0B006E7A1F /* chilkoottrail.jpg */; };
		99D7236E245A42F70064DF4F /* chincoteague.jpg in Resources */ = {isa = PBXBuildFile; fileRef = 99DEFBD62458AB0C006E7A1F /* chincoteague.jpg */; };
		99D7236F245A42F70064DF4F /* hiddenlake.jpg in Resources */ = {isa = PBXBuildFile; fileRef = 99DEFBD12458AB0B006E7A1F /* hiddenlake.jpg */; };
		99D72370245A42F70064DF4F /* icybay.jpg in Resources */ = {isa = PBXBuildFile; fileRef = 99DEFBD32458AB0B006E7A1F /* icybay.jpg */; };
		99D72371245A42F70064DF4F /* lakemcdonald.jpg in Resources */ = {isa = PBXBuildFile; fileRef = 99DEFBCC2458AB0B006E7A1F /* lakemcdonald.jpg */; };
		99D72372245A42F70064DF4F /* rainbowlake.jpg in Resources */ = {isa = PBXBuildFile; fileRef = 99DEFBCD2458AB0B006E7A1F /* rainbowlake.jpg */; };
		99D72373245A42F70064DF4F /* silversalmoncreek.jpg in Resources */ = {isa = PBXBuildFile; fileRef = 99DEFBD42458AB0C006E7A1F /* silversalmoncreek.jpg */; };
		99D72374245A42F70064DF4F /* stmarylake.jpg in Resources */ = {isa = PBXBuildFile; fileRef = 99DEFBCE2458AB0B006E7A1F /* stmarylake.jpg */; };
		99D72375245A42F70064DF4F /* turtlerock.jpg in Resources */ = {isa = PBXBuildFile; fileRef = 99DEFBD02458AB0B006E7A1F /* turtlerock.jpg */; };
		99D72376245A42F70064DF4F /* twinlake.jpg in Resources */ = {isa = PBXBuildFile; fileRef = 99DEFBD52458AB0C006E7A1F /* twinlake.jpg */; };
		99D72377245A42F70064DF4F /* umbagog.jpg in Resources */ = {isa = PBXBuildFile; fileRef = 99DEFBCB2458AB0B006E7A1F /* umbagog.jpg */; };
		99D72378245A42F70064DF4F /* charleyrivers_feature.jpg in Resources */ = {isa = PBXBuildFile; fileRef = 99BFB73E2459863E008E766A /* charleyrivers_feature.jpg */; };
		99D72379245A42F70064DF4F /* stmarylake_feature.jpg in Resources */ = {isa = PBXBuildFile; fileRef = 99BFB73C2459863E008E766A /* stmarylake_feature.jpg */; };
		99D7237A245A42F70064DF4F /* turtlerock_feature.jpg in Resources */ = {isa = PBXBuildFile; fileRef = 99BFB73D2459863E008E766A /* turtlerock_feature.jpg */; };
		99D7237C245A434D0064DF4F /* LandmarkRow.swift in Sources */ = {isa = PBXBuildFile; fileRef = 99D7237B245A434D0064DF4F /* LandmarkRow.swift */; };
		99DEFB8F245897CE006E7A1F /* AppDelegate.swift in Sources */ = {isa = PBXBuildFile; fileRef = 99DEFB8E245897CE006E7A1F /* AppDelegate.swift */; };
		99DEFB91245897CE006E7A1F /* SceneDelegate.swift in Sources */ = {isa = PBXBuildFile; fileRef = 99DEFB90245897CE006E7A1F /* SceneDelegate.swift */; };
		99DEFB93245897CE006E7A1F /* LandmarkDetail.swift in Sources */ = {isa = PBXBuildFile; fileRef = 99DEFB92245897CE006E7A1F /* LandmarkDetail.swift */; };
		99DEFB95245897D2006E7A1F /* Assets.xcassets in Resources */ = {isa = PBXBuildFile; fileRef = 99DEFB94245897D2006E7A1F /* Assets.xcassets */; };
		99DEFB98245897D2006E7A1F /* Preview Assets.xcassets in Resources */ = {isa = PBXBuildFile; fileRef = 99DEFB97245897D2006E7A1F /* Preview Assets.xcassets */; };
		99DEFB9B245897D2006E7A1F /* LaunchScreen.storyboard in Resources */ = {isa = PBXBuildFile; fileRef = 99DEFB99245897D2006E7A1F /* LaunchScreen.storyboard */; };
		99DEFBA324589A78006E7A1F /* CircleImage.swift in Sources */ = {isa = PBXBuildFile; fileRef = 99DEFBA224589A78006E7A1F /* CircleImage.swift */; };
		99DEFBA524589B07006E7A1F /* MapView.swift in Sources */ = {isa = PBXBuildFile; fileRef = 99DEFBA424589B07006E7A1F /* MapView.swift */; };
		99DEFBA824589F23006E7A1F /* Data.swift in Sources */ = {isa = PBXBuildFile; fileRef = 99DEFBA724589F23006E7A1F /* Data.swift */; };
		99DEFBAA24589F30006E7A1F /* Landmark.swift in Sources */ = {isa = PBXBuildFile; fileRef = 99DEFBA924589F30006E7A1F /* Landmark.swift */; };
		99DEFBC224589FD7006E7A1F /* landmarkData.json in Resources */ = {isa = PBXBuildFile; fileRef = 99DEFBB524589FD7006E7A1F /* landmarkData.json */; };
		99DEFBC82458A0C4006E7A1F /* LandmarkRow.swift in Sources */ = {isa = PBXBuildFile; fileRef = 99DEFBC72458A0C4006E7A1F /* LandmarkRow.swift */; };
		99DEFBCA2458A1B2006E7A1F /* LandmarkList.swift in Sources */ = {isa = PBXBuildFile; fileRef = 99DEFBC92458A1B2006E7A1F /* LandmarkList.swift */; };
		99DEFBD72458AB0C006E7A1F /* umbagog.jpg in Resources */ = {isa = PBXBuildFile; fileRef = 99DEFBCB2458AB0B006E7A1F /* umbagog.jpg */; };
		99DEFBD82458AB0C006E7A1F /* lakemcdonald.jpg in Resources */ = {isa = PBXBuildFile; fileRef = 99DEFBCC2458AB0B006E7A1F /* lakemcdonald.jpg */; };
		99DEFBD92458AB0C006E7A1F /* rainbowlake.jpg in Resources */ = {isa = PBXBuildFile; fileRef = 99DEFBCD2458AB0B006E7A1F /* rainbowlake.jpg */; };
		99DEFBDA2458AB0C006E7A1F /* stmarylake.jpg in Resources */ = {isa = PBXBuildFile; fileRef = 99DEFBCE2458AB0B006E7A1F /* stmarylake.jpg */; };
		99DEFBDB2458AB0C006E7A1F /* charleyrivers.jpg in Resources */ = {isa = PBXBuildFile; fileRef = 99DEFBCF2458AB0B006E7A1F /* charleyrivers.jpg */; };
		99DEFBDC2458AB0C006E7A1F /* turtlerock.jpg in Resources */ = {isa = PBXBuildFile; fileRef = 99DEFBD02458AB0B006E7A1F /* turtlerock.jpg */; };
		99DEFBDD2458AB0C006E7A1F /* hiddenlake.jpg in Resources */ = {isa = PBXBuildFile; fileRef = 99DEFBD12458AB0B006E7A1F /* hiddenlake.jpg */; };
		99DEFBDE2458AB0C006E7A1F /* chilkoottrail.jpg in Resources */ = {isa = PBXBuildFile; fileRef = 99DEFBD22458AB0B006E7A1F /* chilkoottrail.jpg */; };
		99DEFBDF2458AB0C006E7A1F /* icybay.jpg in Resources */ = {isa = PBXBuildFile; fileRef = 99DEFBD32458AB0B006E7A1F /* icybay.jpg */; };
		99DEFBE02458AB0C006E7A1F /* silversalmoncreek.jpg in Resources */ = {isa = PBXBuildFile; fileRef = 99DEFBD42458AB0C006E7A1F /* silversalmoncreek.jpg */; };
		99DEFBE12458AB0C006E7A1F /* twinlake.jpg in Resources */ = {isa = PBXBuildFile; fileRef = 99DEFBD52458AB0C006E7A1F /* twinlake.jpg */; };
		99DEFBE22458AB0C006E7A1F /* chincoteague.jpg in Resources */ = {isa = PBXBuildFile; fileRef = 99DEFBD62458AB0C006E7A1F /* chincoteague.jpg */; };
		99DEFBE52458AEFD006E7A1F /* UserData.swift in Sources */ = {isa = PBXBuildFile; fileRef = 99DEFBE32458AD01006E7A1F /* UserData.swift */; };
/* End PBXBuildFile section */

/* Begin PBXContainerItemProxy section */
		99D72310245998CD0064DF4F /* PBXContainerItemProxy */ = {
			isa = PBXContainerItemProxy;
			containerPortal = 99DEFB83245897CE006E7A1F /* Project object */;
			proxyType = 1;
			remoteGlobalIDString = 99D7230D245998CD0064DF4F;
			remoteInfo = "WatchLandmarks Extension";
		};
		99D72324245998CD0064DF4F /* PBXContainerItemProxy */ = {
			isa = PBXContainerItemProxy;
			containerPortal = 99DEFB83245897CE006E7A1F /* Project object */;
			proxyType = 1;
			remoteGlobalIDString = 99D72301245998C90064DF4F;
			remoteInfo = WatchLandmarks;
		};
/* End PBXContainerItemProxy section */

/* Begin PBXCopyFilesBuildPhase section */
		99D7232A245998CD0064DF4F /* Embed App Extensions */ = {
			isa = PBXCopyFilesBuildPhase;
			buildActionMask = 2147483647;
			dstPath = "";
			dstSubfolderSpec = 13;
			files = (
				99D7230F245998CD0064DF4F /* WatchLandmarks Extension.appex in Embed App Extensions */,
			);
			name = "Embed App Extensions";
			runOnlyForDeploymentPostprocessing = 0;
		};
		99D7232E245998CD0064DF4F /* Embed Watch Content */ = {
			isa = PBXCopyFilesBuildPhase;
			buildActionMask = 2147483647;
			dstPath = "$(CONTENTS_FOLDER_PATH)/Watch";
			dstSubfolderSpec = 16;
			files = (
				99D72326245998CD0064DF4F /* WatchLandmarks.app in Embed Watch Content */,
			);
			name = "Embed Watch Content";
			runOnlyForDeploymentPostprocessing = 0;
		};
/* End PBXCopyFilesBuildPhase section */

/* Begin PBXFileReference section */
		99BFB7172458B252008E766A /* Badge.swift */ = {isa = PBXFileReference; lastKnownFileType = sourcecode.swift; path = Badge.swift; sourceTree = "<group>"; };
		99BFB7192458B301008E766A /* HexagonParameters.swift */ = {isa = PBXFileReference; fileEncoding = 4; lastKnownFileType = sourcecode.swift; path = HexagonParameters.swift; sourceTree = "<group>"; };
		99BFB71B2458B5C9008E766A /* BadgeBackground.swift */ = {isa = PBXFileReference; lastKnownFileType = sourcecode.swift; path = BadgeBackground.swift; sourceTree = "<group>"; };
		99BFB71D2458CBEA008E766A /* BadgeSymbol.swift */ = {isa = PBXFileReference; lastKnownFileType = sourcecode.swift; path = BadgeSymbol.swift; sourceTree = "<group>"; };
		99BFB71F2458CDC4008E766A /* RotatedBadgeSymbol.swift */ = {isa = PBXFileReference; lastKnownFileType = sourcecode.swift; path = RotatedBadgeSymbol.swift; sourceTree = "<group>"; };
		99BFB7212458CFE1008E766A /* hikeData.json */ = {isa = PBXFileReference; fileEncoding = 4; lastKnownFileType = text.json; path = hikeData.json; sourceTree = "<group>"; };
		99BFB7232458D00B008E766A /* HikeDetail.swift */ = {isa = PBXFileReference; fileEncoding = 4; lastKnownFileType = sourcecode.swift; path = HikeDetail.swift; sourceTree = "<group>"; };
		99BFB7242458D00C008E766A /* HikeView.swift */ = {isa = PBXFileReference; fileEncoding = 4; lastKnownFileType = sourcecode.swift; path = HikeView.swift; sourceTree = "<group>"; };
		99BFB7272458D016008E766A /* Hike.swift */ = {isa = PBXFileReference; fileEncoding = 4; lastKnownFileType = sourcecode.swift; path = Hike.swift; sourceTree = "<group>"; };
		99BFB7292458D02D008E766A /* GraphCapsule.swift */ = {isa = PBXFileReference; fileEncoding = 4; lastKnownFileType = sourcecode.swift; path = GraphCapsule.swift; sourceTree = "<group>"; };
		99BFB72A2458D02D008E766A /* HikeGraph.swift */ = {isa = PBXFileReference; fileEncoding = 4; lastKnownFileType = sourcecode.swift; path = HikeGraph.swift; sourceTree = "<group>"; };
		99BFB72D2458D5A7008E766A /* Home.swift */ = {isa = PBXFileReference; lastKnownFileType = sourcecode.swift; path = Home.swift; sourceTree = "<group>"; };
		99BFB72F2458D6AC008E766A /* CategoryRow.swift */ = {isa = PBXFileReference; lastKnownFileType = sourcecode.swift; path = CategoryRow.swift; sourceTree = "<group>"; };
		99BFB73224597AC2008E766A /* ProfileHost.swift */ = {isa = PBXFileReference; lastKnownFileType = sourcecode.swift; path = ProfileHost.swift; sourceTree = "<group>"; };
		99BFB73424597AF3008E766A /* Profile.swift */ = {isa = PBXFileReference; fileEncoding = 4; lastKnownFileType = sourcecode.swift; path = Profile.swift; sourceTree = "<group>"; };
		99BFB73624597BCB008E766A /* ProfileSummary.swift */ = {isa = PBXFileReference; lastKnownFileType = sourcecode.swift; path = ProfileSummary.swift; sourceTree = "<group>"; };
		99BFB73824597D14008E766A /* HikeBadge.swift */ = {isa = PBXFileReference; lastKnownFileType = sourcecode.swift; path = HikeBadge.swift; sourceTree = "<group>"; };
		99BFB73A24598062008E766A /* ProfileEditor.swift */ = {isa = PBXFileReference; lastKnownFileType = sourcecode.swift; path = ProfileEditor.swift; sourceTree = "<group>"; };
		99BFB73C2459863E008E766A /* stmarylake_feature.jpg */ = {isa = PBXFileReference; lastKnownFileType = image.jpeg; path = stmarylake_feature.jpg; sourceTree = "<group>"; };
		99BFB73D2459863E008E766A /* turtlerock_feature.jpg */ = {isa = PBXFileReference; lastKnownFileType = image.jpeg; path = turtlerock_feature.jpg; sourceTree = "<group>"; };
		99BFB73E2459863E008E766A /* charleyrivers_feature.jpg */ = {isa = PBXFileReference; lastKnownFileType = image.jpeg; path = charleyrivers_feature.jpg; sourceTree = "<group>"; };
		99BFB74224598734008E766A /* PageViewController.swift */ = {isa = PBXFileReference; lastKnownFileType = sourcecode.swift; path = PageViewController.swift; sourceTree = "<group>"; };
		99BFB74424598839008E766A /* PageView.swift */ = {isa = PBXFileReference; lastKnownFileType = sourcecode.swift; path = PageView.swift; sourceTree = "<group>"; };
		99BFB746245988AD008E766A /* FeatureCard.swift */ = {isa = PBXFileReference; fileEncoding = 4; lastKnownFileType = sourcecode.swift; path = FeatureCard.swift; sourceTree = "<group>"; };
		99BFB74824598F20008E766A /* PageControl.swift */ = {isa = PBXFileReference; lastKnownFileType = sourcecode.swift; path = PageControl.swift; sourceTree = "<group>"; };
		99D72302245998C90064DF4F /* WatchLandmarks.app */ = {isa = PBXFileReference; explicitFileType = wrapper.application; includeInIndex = 0; path = WatchLandmarks.app; sourceTree = BUILT_PRODUCTS_DIR; };
		99D72305245998C90064DF4F /* Base */ = {isa = PBXFileReference; lastKnownFileType = file.storyboard; name = Base; path = Base.lproj/Interface.storyboard; sourceTree = "<group>"; };
		99D72307245998CC0064DF4F /* Assets.xcassets */ = {isa = PBXFileReference; lastKnownFileType = folder.assetcatalog; path = Assets.xcassets; sourceTree = "<group>"; };
		99D72309245998CC0064DF4F /* Info.plist */ = {isa = PBXFileReference; lastKnownFileType = text.plist.xml; path = Info.plist; sourceTree = "<group>"; };
		99D7230E245998CD0064DF4F /* WatchLandmarks Extension.appex */ = {isa = PBXFileReference; explicitFileType = "wrapper.app-extension"; includeInIndex = 0; path = "WatchLandmarks Extension.appex"; sourceTree = BUILT_PRODUCTS_DIR; };
		99D72313245998CD0064DF4F /* ContentView.swift */ = {isa = PBXFileReference; lastKnownFileType = sourcecode.swift; path = ContentView.swift; sourceTree = "<group>"; };
		99D72315245998CD0064DF4F /* HostingController.swift */ = {isa = PBXFileReference; lastKnownFileType = sourcecode.swift; path = HostingController.swift; sourceTree = "<group>"; };
		99D72317245998CD0064DF4F /* ExtensionDelegate.swift */ = {isa = PBXFileReference; lastKnownFileType = sourcecode.swift; path = ExtensionDelegate.swift; sourceTree = "<group>"; };
		99D72319245998CD0064DF4F /* NotificationController.swift */ = {isa = PBXFileReference; lastKnownFileType = sourcecode.swift; path = NotificationController.swift; sourceTree = "<group>"; };
		99D7231B245998CD0064DF4F /* NotificationView.swift */ = {isa = PBXFileReference; lastKnownFileType = sourcecode.swift; path = NotificationView.swift; sourceTree = "<group>"; };
		99D7231D245998CD0064DF4F /* Assets.xcassets */ = {isa = PBXFileReference; lastKnownFileType = folder.assetcatalog; path = Assets.xcassets; sourceTree = "<group>"; };
		99D72320245998CD0064DF4F /* Preview Assets.xcassets */ = {isa = PBXFileReference; lastKnownFileType = folder.assetcatalog; path = "Preview Assets.xcassets"; sourceTree = "<group>"; };
		99D72322245998CD0064DF4F /* Info.plist */ = {isa = PBXFileReference; lastKnownFileType = text.plist.xml; path = Info.plist; sourceTree = "<group>"; };
		99D72323245998CD0064DF4F /* PushNotificationPayload.apns */ = {isa = PBXFileReference; lastKnownFileType = text; path = PushNotificationPayload.apns; sourceTree = "<group>"; };
		99D7234924599E340064DF4F /* WatchLandmarkDetail.swift */ = {isa = PBXFileReference; lastKnownFileType = sourcecode.swift; path = WatchLandmarkDetail.swift; sourceTree = "<group>"; };
		99D7234B2459A7140064DF4F /* WatchMapView.swift */ = {isa = PBXFileReference; lastKnownFileType = sourcecode.swift; path = WatchMapView.swift; sourceTree = "<group>"; };
		99D72352245A42190064DF4F /* MacLandmarks.app */ = {isa = PBXFileReference; explicitFileType = wrapper.application; includeInIndex = 0; path = MacLandmarks.app; sourceTree = BUILT_PRODUCTS_DIR; };
		99D72354245A42190064DF4F /* AppDelegate.swift */ = {isa = PBXFileReference; lastKnownFileType = sourcecode.swift; path = AppDelegate.swift; sourceTree = "<group>"; };
		99D72356245A42190064DF4F /* ContentView.swift */ = {isa = PBXFileReference; lastKnownFileType = sourcecode.swift; path = ContentView.swift; sourceTree = "<group>"; };
		99D72358245A421C0064DF4F /* Assets.xcassets */ = {isa = PBXFileReference; lastKnownFileType = folder.assetcatalog; path = Assets.xcassets; sourceTree = "<group>"; };
		99D7235B245A421C0064DF4F /* Preview Assets.xcassets */ = {isa = PBXFileReference; lastKnownFileType = folder.assetcatalog; path = "Preview Assets.xcassets"; sourceTree = "<group>"; };
		99D7235E245A421C0064DF4F /* Base */ = {isa = PBXFileReference; lastKnownFileType = file.storyboard; name = Base; path = Base.lproj/Main.storyboard; sourceTree = "<group>"; };
		99D72360245A421C0064DF4F /* Info.plist */ = {isa = PBXFileReference; lastKnownFileType = text.plist.xml; path = Info.plist; sourceTree = "<group>"; };
		99D72361245A421C0064DF4F /* MacLandmarks.entitlements */ = {isa = PBXFileReference; lastKnownFileType = text.plist.entitlements; path = MacLandmarks.entitlements; sourceTree = "<group>"; };
		99D7237B245A434D0064DF4F /* LandmarkRow.swift */ = {isa = PBXFileReference; lastKnownFileType = sourcecode.swift; path = LandmarkRow.swift; sourceTree = "<group>"; };
		99DEFB8B245897CE006E7A1F /* Landmarks.app */ = {isa = PBXFileReference; explicitFileType = wrapper.application; includeInIndex = 0; path = Landmarks.app; sourceTree = BUILT_PRODUCTS_DIR; };
		99DEFB8E245897CE006E7A1F /* AppDelegate.swift */ = {isa = PBXFileReference; lastKnownFileType = sourcecode.swift; path = AppDelegate.swift; sourceTree = "<group>"; };
		99DEFB90245897CE006E7A1F /* SceneDelegate.swift */ = {isa = PBXFileReference; lastKnownFileType = sourcecode.swift; path = SceneDelegate.swift; sourceTree = "<group>"; };
		99DEFB92245897CE006E7A1F /* LandmarkDetail.swift */ = {isa = PBXFileReference; lastKnownFileType = sourcecode.swift; path = LandmarkDetail.swift; sourceTree = "<group>"; };
		99DEFB94245897D2006E7A1F /* Assets.xcassets */ = {isa = PBXFileReference; lastKnownFileType = folder.assetcatalog; path = Assets.xcassets; sourceTree = "<group>"; };
		99DEFB97245897D2006E7A1F /* Preview Assets.xcassets */ = {isa = PBXFileReference; lastKnownFileType = folder.assetcatalog; path = "Preview Assets.xcassets"; sourceTree = "<group>"; };
		99DEFB9A245897D2006E7A1F /* Base */ = {isa = PBXFileReference; lastKnownFileType = file.storyboard; name = Base; path = Base.lproj/LaunchScreen.storyboard; sourceTree = "<group>"; };
		99DEFB9C245897D2006E7A1F /* Info.plist */ = {isa = PBXFileReference; lastKnownFileType = text.plist.xml; path = Info.plist; sourceTree = "<group>"; };
		99DEFBA224589A78006E7A1F /* CircleImage.swift */ = {isa = PBXFileReference; lastKnownFileType = sourcecode.swift; path = CircleImage.swift; sourceTree = "<group>"; };
		99DEFBA424589B07006E7A1F /* MapView.swift */ = {isa = PBXFileReference; lastKnownFileType = sourcecode.swift; path = MapView.swift; sourceTree = "<group>"; };
		99DEFBA724589F23006E7A1F /* Data.swift */ = {isa = PBXFileReference; lastKnownFileType = sourcecode.swift; path = Data.swift; sourceTree = "<group>"; };
		99DEFBA924589F30006E7A1F /* Landmark.swift */ = {isa = PBXFileReference; lastKnownFileType = sourcecode.swift; path = Landmark.swift; sourceTree = "<group>"; };
		99DEFBB524589FD7006E7A1F /* landmarkData.json */ = {isa = PBXFileReference; fileEncoding = 4; lastKnownFileType = text.json; path = landmarkData.json; sourceTree = "<group>"; };
		99DEFBC72458A0C4006E7A1F /* LandmarkRow.swift */ = {isa = PBXFileReference; lastKnownFileType = sourcecode.swift; path = LandmarkRow.swift; sourceTree = "<group>"; };
		99DEFBC92458A1B2006E7A1F /* LandmarkList.swift */ = {isa = PBXFileReference; lastKnownFileType = sourcecode.swift; path = LandmarkList.swift; sourceTree = "<group>"; };
		99DEFBCB2458AB0B006E7A1F /* umbagog.jpg */ = {isa = PBXFileReference; lastKnownFileType = image.jpeg; path = umbagog.jpg; sourceTree = "<group>"; };
		99DEFBCC2458AB0B006E7A1F /* lakemcdonald.jpg */ = {isa = PBXFileReference; lastKnownFileType = image.jpeg; path = lakemcdonald.jpg; sourceTree = "<group>"; };
		99DEFBCD2458AB0B006E7A1F /* rainbowlake.jpg */ = {isa = PBXFileReference; lastKnownFileType = image.jpeg; path = rainbowlake.jpg; sourceTree = "<group>"; };
		99DEFBCE2458AB0B006E7A1F /* stmarylake.jpg */ = {isa = PBXFileReference; lastKnownFileType = image.jpeg; path = stmarylake.jpg; sourceTree = "<group>"; };
		99DEFBCF2458AB0B006E7A1F /* charleyrivers.jpg */ = {isa = PBXFileReference; lastKnownFileType = image.jpeg; path = charleyrivers.jpg; sourceTree = "<group>"; };
		99DEFBD02458AB0B006E7A1F /* turtlerock.jpg */ = {isa = PBXFileReference; lastKnownFileType = image.jpeg; path = turtlerock.jpg; sourceTree = "<group>"; };
		99DEFBD12458AB0B006E7A1F /* hiddenlake.jpg */ = {isa = PBXFileReference; lastKnownFileType = image.jpeg; path = hiddenlake.jpg; sourceTree = "<group>"; };
		99DEFBD22458AB0B006E7A1F /* chilkoottrail.jpg */ = {isa = PBXFileReference; lastKnownFileType = image.jpeg; path = chilkoottrail.jpg; sourceTree = "<group>"; };
		99DEFBD32458AB0B006E7A1F /* icybay.jpg */ = {isa = PBXFileReference; lastKnownFileType = image.jpeg; path = icybay.jpg; sourceTree = "<group>"; };
		99DEFBD42458AB0C006E7A1F /* silversalmoncreek.jpg */ = {isa = PBXFileReference; lastKnownFileType = image.jpeg; path = silversalmoncreek.jpg; sourceTree = "<group>"; };
		99DEFBD52458AB0C006E7A1F /* twinlake.jpg */ = {isa = PBXFileReference; lastKnownFileType = image.jpeg; path = twinlake.jpg; sourceTree = "<group>"; };
		99DEFBD62458AB0C006E7A1F /* chincoteague.jpg */ = {isa = PBXFileReference; lastKnownFileType = image.jpeg; path = chincoteague.jpg; sourceTree = "<group>"; };
		99DEFBE32458AD01006E7A1F /* UserData.swift */ = {isa = PBXFileReference; lastKnownFileType = sourcecode.swift; path = UserData.swift; sourceTree = "<group>"; };
/* End PBXFileReference section */

/* Begin PBXFrameworksBuildPhase section */
		99D7230B245998CD0064DF4F /* Frameworks */ = {
			isa = PBXFrameworksBuildPhase;
			buildActionMask = 2147483647;
			files = (
			);
			runOnlyForDeploymentPostprocessing = 0;
		};
		99D7234F245A42190064DF4F /* Frameworks */ = {
			isa = PBXFrameworksBuildPhase;
			buildActionMask = 2147483647;
			files = (
			);
			runOnlyForDeploymentPostprocessing = 0;
		};
		99DEFB88245897CE006E7A1F /* Frameworks */ = {
			isa = PBXFrameworksBuildPhase;
			buildActionMask = 2147483647;
			files = (
			);
			runOnlyForDeploymentPostprocessing = 0;
		};
/* End PBXFrameworksBuildPhase section */

/* Begin PBXGroup section */
		99BFB73124597AB0008E766A /* Profile */ = {
			isa = PBXGroup;
			children = (
				99BFB73224597AC2008E766A /* ProfileHost.swift */,
				99BFB73624597BCB008E766A /* ProfileSummary.swift */,
				99BFB73A24598062008E766A /* ProfileEditor.swift */,
			);
			path = Profile;
			sourceTree = "<group>";
		};
		99D722FD245997CF0064DF4F /* Hike */ = {
			isa = PBXGroup;
			children = (
				99BFB7242458D00C008E766A /* HikeView.swift */,
				99BFB73824597D14008E766A /* HikeBadge.swift */,
				99BFB7232458D00B008E766A /* HikeDetail.swift */,
				99BFB72A2458D02D008E766A /* HikeGraph.swift */,
				99BFB7292458D02D008E766A /* GraphCapsule.swift */,
				99BFB7192458B301008E766A /* HexagonParameters.swift */,
			);
			path = Hike;
			sourceTree = "<group>";
		};
		99D722FE245997EF0064DF4F /* Home */ = {
			isa = PBXGroup;
			children = (
				99BFB72D2458D5A7008E766A /* Home.swift */,
				99BFB72F2458D6AC008E766A /* CategoryRow.swift */,
				99BFB74424598839008E766A /* PageView.swift */,
				99BFB74224598734008E766A /* PageViewController.swift */,
				99BFB74824598F20008E766A /* PageControl.swift */,
			);
			path = Home;
			sourceTree = "<group>";
		};
		99D722FF245998020064DF4F /* Landmark Views */ = {
			isa = PBXGroup;
			children = (
				99DEFB92245897CE006E7A1F /* LandmarkDetail.swift */,
				99DEFBC92458A1B2006E7A1F /* LandmarkList.swift */,
				99DEFBC72458A0C4006E7A1F /* LandmarkRow.swift */,
			);
			path = "Landmark Views";
			sourceTree = "<group>";
		};
		99D72303245998C90064DF4F /* WatchLandmarks */ = {
			isa = PBXGroup;
			children = (
				99D72304245998C90064DF4F /* Interface.storyboard */,
				99D72307245998CC0064DF4F /* Assets.xcassets */,
				99D72309245998CC0064DF4F /* Info.plist */,
			);
			path = WatchLandmarks;
			sourceTree = "<group>";
		};
		99D72312245998CD0064DF4F /* WatchLandmarks Extension */ = {
			isa = PBXGroup;
			children = (
				99D72313245998CD0064DF4F /* ContentView.swift */,
				99D72315245998CD0064DF4F /* HostingController.swift */,
				99D72317245998CD0064DF4F /* ExtensionDelegate.swift */,
				99D72319245998CD0064DF4F /* NotificationController.swift */,
				99D7231B245998CD0064DF4F /* NotificationView.swift */,
				99D7231D245998CD0064DF4F /* Assets.xcassets */,
				99D72322245998CD0064DF4F /* Info.plist */,
				99D72323245998CD0064DF4F /* PushNotificationPayload.apns */,
				99D7231F245998CD0064DF4F /* Preview Content */,
				99D7234924599E340064DF4F /* WatchLandmarkDetail.swift */,
				99D7234B2459A7140064DF4F /* WatchMapView.swift */,
			);
			path = "WatchLandmarks Extension";
			sourceTree = "<group>";
		};
		99D7231F245998CD0064DF4F /* Preview Content */ = {
			isa = PBXGroup;
			children = (
				99D72320245998CD0064DF4F /* Preview Assets.xcassets */,
			);
			path = "Preview Content";
			sourceTree = "<group>";
		};
		99D72353245A42190064DF4F /* MacLandmarks */ = {
			isa = PBXGroup;
			children = (
				99D72354245A42190064DF4F /* AppDelegate.swift */,
				99D72356245A42190064DF4F /* ContentView.swift */,
				99D7237B245A434D0064DF4F /* LandmarkRow.swift */,
				99D72358245A421C0064DF4F /* Assets.xcassets */,
				99D7235D245A421C0064DF4F /* Main.storyboard */,
				99D72360245A421C0064DF4F /* Info.plist */,
				99D72361245A421C0064DF4F /* MacLandmarks.entitlements */,
				99D7235A245A421C0064DF4F /* Preview Content */,
			);
			path = MacLandmarks;
			sourceTree = "<group>";
		};
		99D7235A245A421C0064DF4F /* Preview Content */ = {
			isa = PBXGroup;
			children = (
				99D7235B245A421C0064DF4F /* Preview Assets.xcassets */,
			);
			path = "Preview Content";
			sourceTree = "<group>";
		};
		99DEFB82245897CE006E7A1F = {
			isa = PBXGroup;
			children = (
				99DEFB8D245897CE006E7A1F /* Landmarks */,
				99D72303245998C90064DF4F /* WatchLandmarks */,
				99D72312245998CD0064DF4F /* WatchLandmarks Extension */,
				99D72353245A42190064DF4F /* MacLandmarks */,
				99DEFB8C245897CE006E7A1F /* Products */,
			);
			sourceTree = "<group>";
		};
		99DEFB8C245897CE006E7A1F /* Products */ = {
			isa = PBXGroup;
			children = (
				99DEFB8B245897CE006E7A1F /* Landmarks.app */,
				99D72302245998C90064DF4F /* WatchLandmarks.app */,
				99D7230E245998CD0064DF4F /* WatchLandmarks Extension.appex */,
				99D72352245A42190064DF4F /* MacLandmarks.app */,
			);
			name = Products;
			sourceTree = "<group>";
		};
		99DEFB8D245897CE006E7A1F /* Landmarks */ = {
			isa = PBXGroup;
			children = (
				99DEFBA624589F14006E7A1F /* Models */,
				99DEFB8E245897CE006E7A1F /* AppDelegate.swift */,
				99DEFB90245897CE006E7A1F /* SceneDelegate.swift */,
				99D722FE245997EF0064DF4F /* Home */,
				99D722FF245998020064DF4F /* Landmark Views */,
				99D722FD245997CF0064DF4F /* Hike */,
				99BFB73124597AB0008E766A /* Profile */,
				99DEFBAC24589F4E006E7A1F /* Supporting Views */,
				99DEFBAB24589F3C006E7A1F /* Resources */,
				99DEFB94245897D2006E7A1F /* Assets.xcassets */,
				99DEFB99245897D2006E7A1F /* LaunchScreen.storyboard */,
				99DEFB9C245897D2006E7A1F /* Info.plist */,
				99DEFB96245897D2006E7A1F /* Preview Content */,
			);
			path = Landmarks;
			sourceTree = "<group>";
		};
		99DEFB96245897D2006E7A1F /* Preview Content */ = {
			isa = PBXGroup;
			children = (
				99DEFB97245897D2006E7A1F /* Preview Assets.xcassets */,
			);
			path = "Preview Content";
			sourceTree = "<group>";
		};
		99DEFBA624589F14006E7A1F /* Models */ = {
			isa = PBXGroup;
			children = (
				99DEFBA724589F23006E7A1F /* Data.swift */,
				99DEFBA924589F30006E7A1F /* Landmark.swift */,
				99DEFBE32458AD01006E7A1F /* UserData.swift */,
				99BFB7272458D016008E766A /* Hike.swift */,
				99BFB73424597AF3008E766A /* Profile.swift */,
			);
			path = Models;
			sourceTree = "<group>";
		};
		99DEFBAB24589F3C006E7A1F /* Resources */ = {
			isa = PBXGroup;
			children = (
				99DEFBB524589FD7006E7A1F /* landmarkData.json */,
				99BFB7212458CFE1008E766A /* hikeData.json */,
				99DEFBCF2458AB0B006E7A1F /* charleyrivers.jpg */,
				99DEFBD22458AB0B006E7A1F /* chilkoottrail.jpg */,
				99DEFBD62458AB0C006E7A1F /* chincoteague.jpg */,
				99DEFBD12458AB0B006E7A1F /* hiddenlake.jpg */,
				99DEFBD32458AB0B006E7A1F /* icybay.jpg */,
				99DEFBCC2458AB0B006E7A1F /* lakemcdonald.jpg */,
				99DEFBCD2458AB0B006E7A1F /* rainbowlake.jpg */,
				99DEFBD42458AB0C006E7A1F /* silversalmoncreek.jpg */,
				99DEFBCE2458AB0B006E7A1F /* stmarylake.jpg */,
				99DEFBD02458AB0B006E7A1F /* turtlerock.jpg */,
				99DEFBD52458AB0C006E7A1F /* twinlake.jpg */,
				99DEFBCB2458AB0B006E7A1F /* umbagog.jpg */,
				99BFB73E2459863E008E766A /* charleyrivers_feature.jpg */,
				99BFB73C2459863E008E766A /* stmarylake_feature.jpg */,
				99BFB73D2459863E008E766A /* turtlerock_feature.jpg */,
			);
			path = Resources;
			sourceTree = "<group>";
		};
		99DEFBAC24589F4E006E7A1F /* Supporting Views */ = {
			isa = PBXGroup;
			children = (
				99DEFBA224589A78006E7A1F /* CircleImage.swift */,
				99DEFBA424589B07006E7A1F /* MapView.swift */,
				99BFB7172458B252008E766A /* Badge.swift */,
				99BFB71B2458B5C9008E766A /* BadgeBackground.swift */,
				99BFB71D2458CBEA008E766A /* BadgeSymbol.swift */,
				99BFB71F2458CDC4008E766A /* RotatedBadgeSymbol.swift */,
				99BFB746245988AD008E766A /* FeatureCard.swift */,
			);
			path = "Supporting Views";
			sourceTree = "<group>";
		};
/* End PBXGroup section */

/* Begin PBXNativeTarget section */
		99D72301245998C90064DF4F /* WatchLandmarks */ = {
			isa = PBXNativeTarget;
			buildConfigurationList = 99D7232B245998CD0064DF4F /* Build configuration list for PBXNativeTarget "WatchLandmarks" */;
			buildPhases = (
				99D72300245998C90064DF4F /* Resources */,
				99D7232A245998CD0064DF4F /* Embed App Extensions */,
			);
			buildRules = (
			);
			dependencies = (
				99D72311245998CD0064DF4F /* PBXTargetDependency */,
			);
			name = WatchLandmarks;
			productName = WatchLandmarks;
			productReference = 99D72302245998C90064DF4F /* WatchLandmarks.app */;
			productType = "com.apple.product-type.application.watchapp2";
		};
		99D7230D245998CD0064DF4F /* WatchLandmarks Extension */ = {
			isa = PBXNativeTarget;
			buildConfigurationList = 99D72327245998CD0064DF4F /* Build configuration list for PBXNativeTarget "WatchLandmarks Extension" */;
			buildPhases = (
				99D7230A245998CD0064DF4F /* Sources */,
				99D7230B245998CD0064DF4F /* Frameworks */,
				99D7230C245998CD0064DF4F /* Resources */,
			);
			buildRules = (
			);
			dependencies = (
			);
			name = "WatchLandmarks Extension";
			productName = "WatchLandmarks Extension";
			productReference = 99D7230E245998CD0064DF4F /* WatchLandmarks Extension.appex */;
			productType = "com.apple.product-type.watchkit2-extension";
		};
		99D72351245A42190064DF4F /* MacLandmarks */ = {
			isa = PBXNativeTarget;
			buildConfigurationList = 99D72362245A421C0064DF4F /* Build configuration list for PBXNativeTarget "MacLandmarks" */;
			buildPhases = (
				99D7234E245A42190064DF4F /* Sources */,
				99D7234F245A42190064DF4F /* Frameworks */,
				99D72350245A42190064DF4F /* Resources */,
			);
			buildRules = (
			);
			dependencies = (
			);
			name = MacLandmarks;
			productName = MacLandmarks;
			productReference = 99D72352245A42190064DF4F /* MacLandmarks.app */;
			productType = "com.apple.product-type.application";
		};
		99DEFB8A245897CE006E7A1F /* Landmarks */ = {
			isa = PBXNativeTarget;
			buildConfigurationList = 99DEFB9F245897D2006E7A1F /* Build configuration list for PBXNativeTarget "Landmarks" */;
			buildPhases = (
				99DEFB87245897CE006E7A1F /* Sources */,
				99DEFB88245897CE006E7A1F /* Frameworks */,
				99DEFB89245897CE006E7A1F /* Resources */,
				99D7232E245998CD0064DF4F /* Embed Watch Content */,
			);
			buildRules = (
			);
			dependencies = (
				99D72325245998CD0064DF4F /* PBXTargetDependency */,
			);
			name = Landmarks;
			productName = Landmarks;
			productReference = 99DEFB8B245897CE006E7A1F /* Landmarks.app */;
			productType = "com.apple.product-type.application";
		};
/* End PBXNativeTarget section */

/* Begin PBXProject section */
		99DEFB83245897CE006E7A1F /* Project object */ = {
			isa = PBXProject;
			attributes = {
				LastSwiftUpdateCheck = 1140;
				LastUpgradeCheck = 1140;
				ORGANIZATIONNAME = "Ale Mohamad";
				TargetAttributes = {
					99D72301245998C90064DF4F = {
						CreatedOnToolsVersion = 11.4.1;
					};
					99D7230D245998CD0064DF4F = {
						CreatedOnToolsVersion = 11.4.1;
					};
					99D72351245A42190064DF4F = {
						CreatedOnToolsVersion = 11.4.1;
					};
					99DEFB8A245897CE006E7A1F = {
						CreatedOnToolsVersion = 11.4.1;
					};
				};
			};
			buildConfigurationList = 99DEFB86245897CE006E7A1F /* Build configuration list for PBXProject "Landmarks" */;
			compatibilityVersion = "Xcode 9.3";
			developmentRegion = en;
			hasScannedForEncodings = 0;
			knownRegions = (
				en,
				Base,
			);
			mainGroup = 99DEFB82245897CE006E7A1F;
			productRefGroup = 99DEFB8C245897CE006E7A1F /* Products */;
			projectDirPath = "";
			projectRoot = "";
			targets = (
				99DEFB8A245897CE006E7A1F /* Landmarks */,
				99D72301245998C90064DF4F /* WatchLandmarks */,
				99D7230D245998CD0064DF4F /* WatchLandmarks Extension */,
				99D72351245A42190064DF4F /* MacLandmarks */,
			);
		};
/* End PBXProject section */

/* Begin PBXResourcesBuildPhase section */
		99D72300245998C90064DF4F /* Resources */ = {
			isa = PBXResourcesBuildPhase;
			buildActionMask = 2147483647;
			files = (
				99D72308245998CC0064DF4F /* Assets.xcassets in Resources */,
				99D7233724599BEA0064DF4F /* Assets.xcassets in Resources */,
				99D72306245998C90064DF4F /* Interface.storyboard in Resources */,
			);
			runOnlyForDeploymentPostprocessing = 0;
		};
		99D7230C245998CD0064DF4F /* Resources */ = {
			isa = PBXResourcesBuildPhase;
			buildActionMask = 2147483647;
			files = (
				99D7234024599C080064DF4F /* rainbowlake.jpg in Resources */,
				99D7233A24599C080064DF4F /* charleyrivers.jpg in Resources */,
				99D7234324599C080064DF4F /* turtlerock.jpg in Resources */,
				99D7234724599C080064DF4F /* stmarylake_feature.jpg in Resources */,
				99D7233B24599C080064DF4F /* chilkoottrail.jpg in Resources */,
				99D7234824599C080064DF4F /* turtlerock_feature.jpg in Resources */,
				99D7234224599C080064DF4F /* stmarylake.jpg in Resources */,
				99D7233924599C080064DF4F /* hikeData.json in Resources */,
				99D7234424599C080064DF4F /* twinlake.jpg in Resources */,
				99D7234624599C080064DF4F /* charleyrivers_feature.jpg in Resources */,
				99D7233C24599C080064DF4F /* chincoteague.jpg in Resources */,
				99D72321245998CD0064DF4F /* Preview Assets.xcassets in Resources */,
				99D7231E245998CD0064DF4F /* Assets.xcassets in Resources */,
				99D7233F24599C080064DF4F /* lakemcdonald.jpg in Resources */,
				99D7233D24599C080064DF4F /* hiddenlake.jpg in Resources */,
				99D7234524599C080064DF4F /* umbagog.jpg in Resources */,
				99D7234124599C080064DF4F /* silversalmoncreek.jpg in Resources */,
				99D7233E24599C080064DF4F /* icybay.jpg in Resources */,
				99D7233824599C080064DF4F /* landmarkData.json in Resources */,
			);
			runOnlyForDeploymentPostprocessing = 0;
		};
		99D72350245A42190064DF4F /* Resources */ = {
			isa = PBXResourcesBuildPhase;
			buildActionMask = 2147483647;
			files = (
				99D72373245A42F70064DF4F /* silversalmoncreek.jpg in Resources */,
				99D7235F245A421C0064DF4F /* Main.storyboard in Resources */,
				99D72372245A42F70064DF4F /* rainbowlake.jpg in Resources */,
				99D7236A245A42F70064DF4F /* landmarkData.json in Resources */,
				99D7236D245A42F70064DF4F /* chilkoottrail.jpg in Resources */,
				99D7235C245A421C0064DF4F /* Preview Assets.xcassets in Resources */,
				99D72378245A42F70064DF4F /* charleyrivers_feature.jpg in Resources */,
				99D72374245A42F70064DF4F /* stmarylake.jpg in Resources */,
				99D7236C245A42F70064DF4F /* charleyrivers.jpg in Resources */,
				99D72359245A421C0064DF4F /* Assets.xcassets in Resources */,
				99D72377245A42F70064DF4F /* umbagog.jpg in Resources */,
				99D72379245A42F70064DF4F /* stmarylake_feature.jpg in Resources */,
				99D7236E245A42F70064DF4F /* chincoteague.jpg in Resources */,
				99D72376245A42F70064DF4F /* twinlake.jpg in Resources */,
				99D72371245A42F70064DF4F /* lakemcdonald.jpg in Resources */,
				99D7236F245A42F70064DF4F /* hiddenlake.jpg in Resources */,
				99D72370245A42F70064DF4F /* icybay.jpg in Resources */,
				99D7236B245A42F70064DF4F /* hikeData.json in Resources */,
				99D72375245A42F70064DF4F /* turtlerock.jpg in Resources */,
				99D7237A245A42F70064DF4F /* turtlerock_feature.jpg in Resources */,
			);
			runOnlyForDeploymentPostprocessing = 0;
		};
		99DEFB89245897CE006E7A1F /* Resources */ = {
			isa = PBXResourcesBuildPhase;
			buildActionMask = 2147483647;
			files = (
				99DEFBD92458AB0C006E7A1F /* rainbowlake.jpg in Resources */,
				99DEFBDE2458AB0C006E7A1F /* chilkoottrail.jpg in Resources */,
				99BFB7222458CFE1008E766A /* hikeData.json in Resources */,
				99BFB73F2459863E008E766A /* stmarylake_feature.jpg in Resources */,
				99DEFBDF2458AB0C006E7A1F /* icybay.jpg in Resources */,
				99BFB7402459863E008E766A /* turtlerock_feature.jpg in Resources */,
				99DEFBD82458AB0C006E7A1F /* lakemcdonald.jpg in Resources */,
				99DEFBDA2458AB0C006E7A1F /* stmarylake.jpg in Resources */,
				99DEFBDB2458AB0C006E7A1F /* charleyrivers.jpg in Resources */,
				99DEFBE12458AB0C006E7A1F /* twinlake.jpg in Resources */,
				99BFB7412459863E008E766A /* charleyrivers_feature.jpg in Resources */,
				99DEFBDC2458AB0C006E7A1F /* turtlerock.jpg in Resources */,
				99DEFBDD2458AB0C006E7A1F /* hiddenlake.jpg in Resources */,
				99DEFB9B245897D2006E7A1F /* LaunchScreen.storyboard in Resources */,
				99DEFB98245897D2006E7A1F /* Preview Assets.xcassets in Resources */,
				99DEFBC224589FD7006E7A1F /* landmarkData.json in Resources */,
				99DEFBE02458AB0C006E7A1F /* silversalmoncreek.jpg in Resources */,
				99DEFB95245897D2006E7A1F /* Assets.xcassets in Resources */,
				99DEFBE22458AB0C006E7A1F /* chincoteague.jpg in Resources */,
				99DEFBD72458AB0C006E7A1F /* umbagog.jpg in Resources */,
			);
			runOnlyForDeploymentPostprocessing = 0;
		};
/* End PBXResourcesBuildPhase section */

/* Begin PBXSourcesBuildPhase section */
		99D7230A245998CD0064DF4F /* Sources */ = {
			isa = PBXSourcesBuildPhase;
			buildActionMask = 2147483647;
			files = (
				99D7233024599BD20064DF4F /* Landmark.swift in Sources */,
				99D7234C2459A7140064DF4F /* WatchMapView.swift in Sources */,
				99D7233324599BD20064DF4F /* Profile.swift in Sources */,
				99D72316245998CD0064DF4F /* HostingController.swift in Sources */,
				99D7234D245A05DD0064DF4F /* LandmarkList.swift in Sources */,
				99D7233124599BD20064DF4F /* UserData.swift in Sources */,
				99D7232F24599BD20064DF4F /* Data.swift in Sources */,
				99D7233524599BD20064DF4F /* CircleImage.swift in Sources */,
				99D72314245998CD0064DF4F /* ContentView.swift in Sources */,
				99D7231A245998CD0064DF4F /* NotificationController.swift in Sources */,
				99D7233224599BD20064DF4F /* Hike.swift in Sources */,
				99D7234A24599E340064DF4F /* WatchLandmarkDetail.swift in Sources */,
				99D7233424599BD20064DF4F /* LandmarkRow.swift in Sources */,
				99D72318245998CD0064DF4F /* ExtensionDelegate.swift in Sources */,
				99D7231C245998CD0064DF4F /* NotificationView.swift in Sources */,
			);
			runOnlyForDeploymentPostprocessing = 0;
		};
		99D7234E245A42190064DF4F /* Sources */ = {
			isa = PBXSourcesBuildPhase;
			buildActionMask = 2147483647;
			files = (
				99D72368245A42F70064DF4F /* Hike.swift in Sources */,
				99D72357245A42190064DF4F /* ContentView.swift in Sources */,
				99D72365245A42F70064DF4F /* Data.swift in Sources */,
				99D72369245A42F70064DF4F /* Profile.swift in Sources */,
				99D72355245A42190064DF4F /* AppDelegate.swift in Sources */,
				99D72367245A42F70064DF4F /* UserData.swift in Sources */,
				99D7237C245A434D0064DF4F /* LandmarkRow.swift in Sources */,
				99D72366245A42F70064DF4F /* Landmark.swift in Sources */,
			);
			runOnlyForDeploymentPostprocessing = 0;
		};
		99DEFB87245897CE006E7A1F /* Sources */ = {
			isa = PBXSourcesBuildPhase;
			buildActionMask = 2147483647;
			files = (
				99BFB7302458D6AC008E766A /* CategoryRow.swift in Sources */,
				99BFB73524597AF3008E766A /* Profile.swift in Sources */,
				99BFB71A2458B301008E766A /* HexagonParameters.swift in Sources */,
				99DEFBAA24589F30006E7A1F /* Landmark.swift in Sources */,
				99BFB747245988AD008E766A /* FeatureCard.swift in Sources */,
				99BFB73324597AC2008E766A /* ProfileHost.swift in Sources */,
				99DEFB8F245897CE006E7A1F /* AppDelegate.swift in Sources */,
				99BFB74524598839008E766A /* PageView.swift in Sources */,
				99BFB7182458B252008E766A /* Badge.swift in Sources */,
				99DEFBA824589F23006E7A1F /* Data.swift in Sources */,
				99BFB7262458D00C008E766A /* HikeView.swift in Sources */,
				99BFB7282458D016008E766A /* Hike.swift in Sources */,
				99DEFBA324589A78006E7A1F /* CircleImage.swift in Sources */,
				99DEFBCA2458A1B2006E7A1F /* LandmarkList.swift in Sources */,
				99BFB71E2458CBEA008E766A /* BadgeSymbol.swift in Sources */,
				99BFB7202458CDC4008E766A /* RotatedBadgeSymbol.swift in Sources */,
				99DEFBA524589B07006E7A1F /* MapView.swift in Sources */,
				99BFB74324598734008E766A /* PageViewController.swift in Sources */,
				99BFB71C2458B5C9008E766A /* BadgeBackground.swift in Sources */,
				99BFB73924597D14008E766A /* HikeBadge.swift in Sources */,
				99BFB72E2458D5A7008E766A /* Home.swift in Sources */,
				99BFB72C2458D02D008E766A /* HikeGraph.swift in Sources */,
				99DEFB91245897CE006E7A1F /* SceneDelegate.swift in Sources */,
				99DEFBC82458A0C4006E7A1F /* LandmarkRow.swift in Sources */,
				99DEFBE52458AEFD006E7A1F /* UserData.swift in Sources */,
				99DEFB93245897CE006E7A1F /* LandmarkDetail.swift in Sources */,
				99BFB73724597BCB008E766A /* ProfileSummary.swift in Sources */,
				99BFB74924598F20008E766A /* PageControl.swift in Sources */,
				99BFB72B2458D02D008E766A /* GraphCapsule.swift in Sources */,
				99BFB7252458D00C008E766A /* HikeDetail.swift in Sources */,
				99BFB73B24598062008E766A /* ProfileEditor.swift in Sources */,
			);
			runOnlyForDeploymentPostprocessing = 0;
		};
/* End PBXSourcesBuildPhase section */

/* Begin PBXTargetDependency section */
		99D72311245998CD0064DF4F /* PBXTargetDependency */ = {
			isa = PBXTargetDependency;
			target = 99D7230D245998CD0064DF4F /* WatchLandmarks Extension */;
			targetProxy = 99D72310245998CD0064DF4F /* PBXContainerItemProxy */;
		};
		99D72325245998CD0064DF4F /* PBXTargetDependency */ = {
			isa = PBXTargetDependency;
			target = 99D72301245998C90064DF4F /* WatchLandmarks */;
			targetProxy = 99D72324245998CD0064DF4F /* PBXContainerItemProxy */;
		};
/* End PBXTargetDependency section */

/* Begin PBXVariantGroup section */
		99D72304245998C90064DF4F /* Interface.storyboard */ = {
			isa = PBXVariantGroup;
			children = (
				99D72305245998C90064DF4F /* Base */,
			);
			name = Interface.storyboard;
			sourceTree = "<group>";
		};
		99D7235D245A421C0064DF4F /* Main.storyboard */ = {
			isa = PBXVariantGroup;
			children = (
				99D7235E245A421C0064DF4F /* Base */,
			);
			name = Main.storyboard;
			sourceTree = "<group>";
		};
		99DEFB99245897D2006E7A1F /* LaunchScreen.storyboard */ = {
			isa = PBXVariantGroup;
			children = (
				99DEFB9A245897D2006E7A1F /* Base */,
			);
			name = LaunchScreen.storyboard;
			sourceTree = "<group>";
		};
/* End PBXVariantGroup section */

/* Begin XCBuildConfiguration section */
		99D72328245998CD0064DF4F /* Debug */ = {
			isa = XCBuildConfiguration;
			buildSettings = {
				ASSETCATALOG_COMPILER_COMPLICATION_NAME = Complication;
				CODE_SIGN_STYLE = Automatic;
				DEVELOPMENT_ASSET_PATHS = "\"WatchLandmarks Extension/Preview Content\"";
				DEVELOPMENT_TEAM = WCNR2RY47A;
				ENABLE_PREVIEWS = YES;
				INFOPLIST_FILE = "WatchLandmarks Extension/Info.plist";
				LD_RUNPATH_SEARCH_PATHS = (
					"$(inherited)",
					"@executable_path/Frameworks",
					"@executable_path/../../Frameworks",
				);
				PRODUCT_BUNDLE_IDENTIFIER = com.alemohamad.Landmarks.watchkitapp.watchkitextension;
				PRODUCT_NAME = "${TARGET_NAME}";
				SDKROOT = watchos;
				SKIP_INSTALL = YES;
				SWIFT_VERSION = 5.0;
				TARGETED_DEVICE_FAMILY = 4;
				WATCHOS_DEPLOYMENT_TARGET = 6.0;
			};
			name = Debug;
		};
		99D72329245998CD0064DF4F /* Release */ = {
			isa = XCBuildConfiguration;
			buildSettings = {
				ASSETCATALOG_COMPILER_COMPLICATION_NAME = Complication;
				CODE_SIGN_STYLE = Automatic;
				DEVELOPMENT_ASSET_PATHS = "\"WatchLandmarks Extension/Preview Content\"";
				DEVELOPMENT_TEAM = WCNR2RY47A;
				ENABLE_PREVIEWS = YES;
				INFOPLIST_FILE = "WatchLandmarks Extension/Info.plist";
				LD_RUNPATH_SEARCH_PATHS = (
					"$(inherited)",
					"@executable_path/Frameworks",
					"@executable_path/../../Frameworks",
				);
				PRODUCT_BUNDLE_IDENTIFIER = com.alemohamad.Landmarks.watchkitapp.watchkitextension;
				PRODUCT_NAME = "${TARGET_NAME}";
				SDKROOT = watchos;
				SKIP_INSTALL = YES;
				SWIFT_VERSION = 5.0;
				TARGETED_DEVICE_FAMILY = 4;
				WATCHOS_DEPLOYMENT_TARGET = 6.0;
			};
			name = Release;
		};
		99D7232C245998CD0064DF4F /* Debug */ = {
			isa = XCBuildConfiguration;
			buildSettings = {
				ALWAYS_EMBED_SWIFT_STANDARD_LIBRARIES = YES;
				ASSETCATALOG_COMPILER_APPICON_NAME = AppIcon;
				CODE_SIGN_STYLE = Automatic;
				DEVELOPMENT_TEAM = WCNR2RY47A;
				IBSC_MODULE = WatchLandmarks_Extension;
				INFOPLIST_FILE = WatchLandmarks/Info.plist;
				PRODUCT_BUNDLE_IDENTIFIER = com.alemohamad.Landmarks.watchkitapp;
				PRODUCT_NAME = "$(TARGET_NAME)";
				SDKROOT = watchos;
				SKIP_INSTALL = YES;
				SWIFT_VERSION = 5.0;
				TARGETED_DEVICE_FAMILY = 4;
				WATCHOS_DEPLOYMENT_TARGET = 6.0;
			};
			name = Debug;
		};
		99D7232D245998CD0064DF4F /* Release */ = {
			isa = XCBuildConfiguration;
			buildSettings = {
				ALWAYS_EMBED_SWIFT_STANDARD_LIBRARIES = YES;
				ASSETCATALOG_COMPILER_APPICON_NAME = AppIcon;
				CODE_SIGN_STYLE = Automatic;
				DEVELOPMENT_TEAM = WCNR2RY47A;
				IBSC_MODULE = WatchLandmarks_Extension;
				INFOPLIST_FILE = WatchLandmarks/Info.plist;
				PRODUCT_BUNDLE_IDENTIFIER = com.alemohamad.Landmarks.watchkitapp;
				PRODUCT_NAME = "$(TARGET_NAME)";
				SDKROOT = watchos;
				SKIP_INSTALL = YES;
				SWIFT_VERSION = 5.0;
				TARGETED_DEVICE_FAMILY = 4;
				WATCHOS_DEPLOYMENT_TARGET = 6.0;
			};
			name = Release;
		};
		99D72363245A421C0064DF4F /* Debug */ = {
			isa = XCBuildConfiguration;
			buildSettings = {
				ASSETCATALOG_COMPILER_APPICON_NAME = AppIcon;
				CODE_SIGN_ENTITLEMENTS = MacLandmarks/MacLandmarks.entitlements;
				CODE_SIGN_STYLE = Automatic;
				COMBINE_HIDPI_IMAGES = YES;
				DEVELOPMENT_ASSET_PATHS = "\"MacLandmarks/Preview Content\"";
				DEVELOPMENT_TEAM = WCNR2RY47A;
				ENABLE_HARDENED_RUNTIME = YES;
				ENABLE_PREVIEWS = YES;
				INFOPLIST_FILE = MacLandmarks/Info.plist;
				LD_RUNPATH_SEARCH_PATHS = (
					"$(inherited)",
					"@executable_path/../Frameworks",
				);
				MACOSX_DEPLOYMENT_TARGET = 10.15.3;
				PRODUCT_BUNDLE_IDENTIFIER = com.alemohamad.MacLandmarks;
				PRODUCT_NAME = "$(TARGET_NAME)";
				SDKROOT = macosx;
				SWIFT_VERSION = 5.0;
			};
			name = Debug;
		};
		99D72364245A421C0064DF4F /* Release */ = {
			isa = XCBuildConfiguration;
			buildSettings = {
				ASSETCATALOG_COMPILER_APPICON_NAME = AppIcon;
				CODE_SIGN_ENTITLEMENTS = MacLandmarks/MacLandmarks.entitlements;
				CODE_SIGN_STYLE = Automatic;
				COMBINE_HIDPI_IMAGES = YES;
				DEVELOPMENT_ASSET_PATHS = "\"MacLandmarks/Preview Content\"";
				DEVELOPMENT_TEAM = WCNR2RY47A;
				ENABLE_HARDENED_RUNTIME = YES;
				ENABLE_PREVIEWS = YES;
				INFOPLIST_FILE = MacLandmarks/Info.plist;
				LD_RUNPATH_SEARCH_PATHS = (
					"$(inherited)",
					"@executable_path/../Frameworks",
				);
				MACOSX_DEPLOYMENT_TARGET = 10.15.3;
				PRODUCT_BUNDLE_IDENTIFIER = com.alemohamad.MacLandmarks;
				PRODUCT_NAME = "$(TARGET_NAME)";
				SDKROOT = macosx;
				SWIFT_VERSION = 5.0;
			};
			name = Release;
		};
		99DEFB9D245897D2006E7A1F /* Debug */ = {
			isa = XCBuildConfiguration;
			buildSettings = {
				ALWAYS_SEARCH_USER_PATHS = NO;
				CLANG_ANALYZER_NONNULL = YES;
				CLANG_ANALYZER_NUMBER_OBJECT_CONVERSION = YES_AGGRESSIVE;
				CLANG_CXX_LANGUAGE_STANDARD = "gnu++14";
				CLANG_CXX_LIBRARY = "libc++";
				CLANG_ENABLE_MODULES = YES;
				CLANG_ENABLE_OBJC_ARC = YES;
				CLANG_ENABLE_OBJC_WEAK = YES;
				CLANG_WARN_BLOCK_CAPTURE_AUTORELEASING = YES;
				CLANG_WARN_BOOL_CONVERSION = YES;
				CLANG_WARN_COMMA = YES;
				CLANG_WARN_CONSTANT_CONVERSION = YES;
				CLANG_WARN_DEPRECATED_OBJC_IMPLEMENTATIONS = YES;
				CLANG_WARN_DIRECT_OBJC_ISA_USAGE = YES_ERROR;
				CLANG_WARN_DOCUMENTATION_COMMENTS = YES;
				CLANG_WARN_EMPTY_BODY = YES;
				CLANG_WARN_ENUM_CONVERSION = YES;
				CLANG_WARN_INFINITE_RECURSION = YES;
				CLANG_WARN_INT_CONVERSION = YES;
				CLANG_WARN_NON_LITERAL_NULL_CONVERSION = YES;
				CLANG_WARN_OBJC_IMPLICIT_RETAIN_SELF = YES;
				CLANG_WARN_OBJC_LITERAL_CONVERSION = YES;
				CLANG_WARN_OBJC_ROOT_CLASS = YES_ERROR;
				CLANG_WARN_RANGE_LOOP_ANALYSIS = YES;
				CLANG_WARN_STRICT_PROTOTYPES = YES;
				CLANG_WARN_SUSPICIOUS_MOVE = YES;
				CLANG_WARN_UNGUARDED_AVAILABILITY = YES_AGGRESSIVE;
				CLANG_WARN_UNREACHABLE_CODE = YES;
				CLANG_WARN__DUPLICATE_METHOD_MATCH = YES;
				COPY_PHASE_STRIP = NO;
				DEBUG_INFORMATION_FORMAT = dwarf;
				ENABLE_STRICT_OBJC_MSGSEND = YES;
				ENABLE_TESTABILITY = YES;
				GCC_C_LANGUAGE_STANDARD = gnu11;
				GCC_DYNAMIC_NO_PIC = NO;
				GCC_NO_COMMON_BLOCKS = YES;
				GCC_OPTIMIZATION_LEVEL = 0;
				GCC_PREPROCESSOR_DEFINITIONS = (
					"DEBUG=1",
					"$(inherited)",
				);
				GCC_WARN_64_TO_32_BIT_CONVERSION = YES;
				GCC_WARN_ABOUT_RETURN_TYPE = YES_ERROR;
				GCC_WARN_UNDECLARED_SELECTOR = YES;
				GCC_WARN_UNINITIALIZED_AUTOS = YES_AGGRESSIVE;
				GCC_WARN_UNUSED_FUNCTION = YES;
				GCC_WARN_UNUSED_VARIABLE = YES;
				IPHONEOS_DEPLOYMENT_TARGET = 13.4;
				MTL_ENABLE_DEBUG_INFO = INCLUDE_SOURCE;
				MTL_FAST_MATH = YES;
				ONLY_ACTIVE_ARCH = YES;
				SDKROOT = iphoneos;
				SWIFT_ACTIVE_COMPILATION_CONDITIONS = DEBUG;
				SWIFT_OPTIMIZATION_LEVEL = "-Onone";
			};
			name = Debug;
		};
		99DEFB9E245897D2006E7A1F /* Release */ = {
			isa = XCBuildConfiguration;
			buildSettings = {
				ALWAYS_SEARCH_USER_PATHS = NO;
				CLANG_ANALYZER_NONNULL = YES;
				CLANG_ANALYZER_NUMBER_OBJECT_CONVERSION = YES_AGGRESSIVE;
				CLANG_CXX_LANGUAGE_STANDARD = "gnu++14";
				CLANG_CXX_LIBRARY = "libc++";
				CLANG_ENABLE_MODULES = YES;
				CLANG_ENABLE_OBJC_ARC = YES;
				CLANG_ENABLE_OBJC_WEAK = YES;
				CLANG_WARN_BLOCK_CAPTURE_AUTORELEASING = YES;
				CLANG_WARN_BOOL_CONVERSION = YES;
				CLANG_WARN_COMMA = YES;
				CLANG_WARN_CONSTANT_CONVERSION = YES;
				CLANG_WARN_DEPRECATED_OBJC_IMPLEMENTATIONS = YES;
				CLANG_WARN_DIRECT_OBJC_ISA_USAGE = YES_ERROR;
				CLANG_WARN_DOCUMENTATION_COMMENTS = YES;
				CLANG_WARN_EMPTY_BODY = YES;
				CLANG_WARN_ENUM_CONVERSION = YES;
				CLANG_WARN_INFINITE_RECURSION = YES;
				CLANG_WARN_INT_CONVERSION = YES;
				CLANG_WARN_NON_LITERAL_NULL_CONVERSION = YES;
				CLANG_WARN_OBJC_IMPLICIT_RETAIN_SELF = YES;
				CLANG_WARN_OBJC_LITERAL_CONVERSION = YES;
				CLANG_WARN_OBJC_ROOT_CLASS = YES_ERROR;
				CLANG_WARN_RANGE_LOOP_ANALYSIS = YES;
				CLANG_WARN_STRICT_PROTOTYPES = YES;
				CLANG_WARN_SUSPICIOUS_MOVE = YES;
				CLANG_WARN_UNGUARDED_AVAILABILITY = YES_AGGRESSIVE;
				CLANG_WARN_UNREACHABLE_CODE = YES;
				CLANG_WARN__DUPLICATE_METHOD_MATCH = YES;
				COPY_PHASE_STRIP = NO;
				DEBUG_INFORMATION_FORMAT = "dwarf-with-dsym";
				ENABLE_NS_ASSERTIONS = NO;
				ENABLE_STRICT_OBJC_MSGSEND = YES;
				GCC_C_LANGUAGE_STANDARD = gnu11;
				GCC_NO_COMMON_BLOCKS = YES;
				GCC_WARN_64_TO_32_BIT_CONVERSION = YES;
				GCC_WARN_ABOUT_RETURN_TYPE = YES_ERROR;
				GCC_WARN_UNDECLARED_SELECTOR = YES;
				GCC_WARN_UNINITIALIZED_AUTOS = YES_AGGRESSIVE;
				GCC_WARN_UNUSED_FUNCTION = YES;
				GCC_WARN_UNUSED_VARIABLE = YES;
				IPHONEOS_DEPLOYMENT_TARGET = 13.4;
				MTL_ENABLE_DEBUG_INFO = NO;
				MTL_FAST_MATH = YES;
				SDKROOT = iphoneos;
				SWIFT_COMPILATION_MODE = wholemodule;
				SWIFT_OPTIMIZATION_LEVEL = "-O";
				VALIDATE_PRODUCT = YES;
			};
			name = Release;
		};
		99DEFBA0245897D2006E7A1F /* Debug */ = {
			isa = XCBuildConfiguration;
			buildSettings = {
				ASSETCATALOG_COMPILER_APPICON_NAME = AppIcon;
				CODE_SIGN_STYLE = Automatic;
				DEVELOPMENT_ASSET_PATHS = "\"Landmarks/Preview Content\"";
				DEVELOPMENT_TEAM = WCNR2RY47A;
				ENABLE_PREVIEWS = YES;
				INFOPLIST_FILE = Landmarks/Info.plist;
				LD_RUNPATH_SEARCH_PATHS = (
					"$(inherited)",
					"@executable_path/Frameworks",
				);
				PRODUCT_BUNDLE_IDENTIFIER = com.alemohamad.Landmarks;
				PRODUCT_NAME = "$(TARGET_NAME)";
				SWIFT_VERSION = 5.0;
				TARGETED_DEVICE_FAMILY = "1,2";
			};
			name = Debug;
		};
		99DEFBA1245897D2006E7A1F /* Release */ = {
			isa = XCBuildConfiguration;
			buildSettings = {
				ASSETCATALOG_COMPILER_APPICON_NAME = AppIcon;
				CODE_SIGN_STYLE = Automatic;
				DEVELOPMENT_ASSET_PATHS = "\"Landmarks/Preview Content\"";
				DEVELOPMENT_TEAM = WCNR2RY47A;
				ENABLE_PREVIEWS = YES;
				INFOPLIST_FILE = Landmarks/Info.plist;
				LD_RUNPATH_SEARCH_PATHS = (
					"$(inherited)",
					"@executable_path/Frameworks",
				);
				PRODUCT_BUNDLE_IDENTIFIER = com.alemohamad.Landmarks;
				PRODUCT_NAME = "$(TARGET_NAME)";
				SWIFT_VERSION = 5.0;
				TARGETED_DEVICE_FAMILY = "1,2";
			};
			name = Release;
		};
/* End XCBuildConfiguration section */

/* Begin XCConfigurationList section */
		99D72327245998CD0064DF4F /* Build configuration list for PBXNativeTarget "WatchLandmarks Extension" */ = {
			isa = XCConfigurationList;
			buildConfigurations = (
				99D72328245998CD0064DF4F /* Debug */,
				99D72329245998CD0064DF4F /* Release */,
			);
			defaultConfigurationIsVisible = 0;
			defaultConfigurationName = Release;
		};
		99D7232B245998CD0064DF4F /* Build configuration list for PBXNativeTarget "WatchLandmarks" */ = {
			isa = XCConfigurationList;
			buildConfigurations = (
				99D7232C245998CD0064DF4F /* Debug */,
				99D7232D245998CD0064DF4F /* Release */,
			);
			defaultConfigurationIsVisible = 0;
			defaultConfigurationName = Release;
		};
		99D72362245A421C0064DF4F /* Build configuration list for PBXNativeTarget "MacLandmarks" */ = {
			isa = XCConfigurationList;
			buildConfigurations = (
				99D72363245A421C0064DF4F /* Debug */,
				99D72364245A421C0064DF4F /* Release */,
			);
			defaultConfigurationIsVisible = 0;
			defaultConfigurationName = Release;
		};
		99DEFB86245897CE006E7A1F /* Build configuration list for PBXProject "Landmarks" */ = {
			isa = XCConfigurationList;
			buildConfigurations = (
				99DEFB9D245897D2006E7A1F /* Debug */,
				99DEFB9E245897D2006E7A1F /* Release */,
			);
			defaultConfigurationIsVisible = 0;
			defaultConfigurationName = Release;
		};
		99DEFB9F245897D2006E7A1F /* Build configuration list for PBXNativeTarget "Landmarks" */ = {
			isa = XCConfigurationList;
			buildConfigurations = (
				99DEFBA0245897D2006E7A1F /* Debug */,
				99DEFBA1245897D2006E7A1F /* Release */,
			);
			defaultConfigurationIsVisible = 0;
			defaultConfigurationName = Release;
		};
/* End XCConfigurationList section */
	};
	rootObject = 99DEFB83245897CE006E7A1F /* Project object */;
}
